
Microsoft Visual Studio Solution File, Format Version 12.00
# Visual Studio Version 17
VisualStudioVersion = 17.9.34728.123
MinimumVisualStudioVersion = 10.0.40219.1
Project("{9A19103F-16F7-4668-BE54-9A1E7A4F7556}") = "banobras-bitacoras-persistence", "banobras-bitacoras-persistence.csproj", "{4EDC3282-8834-408D-84D1-853568F4E1EB}"
EndProject
Global
	GlobalSection(SolutionConfigurationPlatforms) = preSolution
		Debug|Any CPU = Debug|Any CPU
		Release|Any CPU = Release|Any CPU
	EndGlobalSection
	GlobalSection(ProjectConfigurationPlatforms) = postSolution
		{4EDC3282-8834-408D-84D1-853568F4E1EB}.Debug|Any CPU.ActiveCfg = Debug|Any CPU
		{4EDC3282-8834-408D-84D1-853568F4E1EB}.Debug|Any CPU.Build.0 = Debug|Any CPU
		{4EDC3282-8834-408D-84D1-853568F4E1EB}.Release|Any CPU.ActiveCfg = Release|Any CPU
		{4EDC3282-8834-408D-84D1-853568F4E1EB}.Release|Any CPU.Build.0 = Release|Any CPU
	EndGlobalSection
	GlobalSection(SolutionProperties) = preSolution
		HideSolutionNode = FALSE
	EndGlobalSection
	GlobalSection(ExtensibilityGlobals) = postSolution
		SolutionGuid = {977CC835-CFE9-424D-887A-D5CE0E51A9DE}
	EndGlobalSection
EndGlobal
